
Microsoft Visual Studio Solution File, Format Version 12.00
# Visual Studio Version 17
VisualStudioVersion = 17.2.32602.215
MinimumVisualStudioVersion = 10.0.40219.1
Project("{FAE04EC0-301F-11D3-BF4B-00C04F79EFBC}") = "JokeTeller", "JokeTeller\JokeTeller.csproj", "{068A9A77-DA74-4F79-AF0A-0F37215640FF}"
EndProject
Global
	GlobalSection(SolutionConfigurationPlatforms) = preSolution
		Debug|Any CPU = Debug|Any CPU
		Release|Any CPU = Release|Any CPU
	EndGlobalSection
	GlobalSection(ProjectConfigurationPlatforms) = postSolution
		{068A9A77-DA74-4F79-AF0A-0F37215640FF}.Debug|Any CPU.ActiveCfg = Debug|Any CPU
		{068A9A77-DA74-4F79-AF0A-0F37215640FF}.Debug|Any CPU.Build.0 = Debug|Any CPU
		{068A9A77-DA74-4F79-AF0A-0F37215640FF}.Release|Any CPU.ActiveCfg = Release|Any CPU
		{068A9A77-DA74-4F79-AF0A-0F37215640FF}.Release|Any CPU.Build.0 = Release|Any CPU
	EndGlobalSection
	GlobalSection(SolutionProperties) = preSolution
		HideSolutionNode = FALSE
	EndGlobalSection
	GlobalSection(ExtensibilityGlobals) = postSolution
		SolutionGuid = {AF50CF3C-67E8-4357-B99A-6D4F6519D8B6}
	EndGlobalSection
EndGlobal
